// !$*UTF8*$!
{
	archiveVersion = 1;
	classes = {
	};
	objectVersion = 46;
	objects = {

/* Begin PBXBuildFile section */
		8C4746E81F41FFC600CB977D /* CalendarCalc.swift in Sources */ = {isa = PBXBuildFile; fileRef = 8C4746E71F41FFC600CB977D /* CalendarCalc.swift */; };
		8C8352CF1F4137B3002D4510 /* AppDelegate.swift in Sources */ = {isa = PBXBuildFile; fileRef = 8C8352CE1F4137B3002D4510 /* AppDelegate.swift */; };
		8C8352D31F4137B3002D4510 /* Assets.xcassets in Resources */ = {isa = PBXBuildFile; fileRef = 8C8352D21F4137B3002D4510 /* Assets.xcassets */; };
		8C8352D61F4137B3002D4510 /* Main.storyboard in Resources */ = {isa = PBXBuildFile; fileRef = 8C8352D41F4137B3002D4510 /* Main.storyboard */; };
		8C8352DF1F4137E1002D4510 /* CalendarViewController.swift in Sources */ = {isa = PBXBuildFile; fileRef = 8C8352DD1F4137E1002D4510 /* CalendarViewController.swift */; };
		8C8352E01F4137E1002D4510 /* CalendarViewController.xib in Resources */ = {isa = PBXBuildFile; fileRef = 8C8352DE1F4137E1002D4510 /* CalendarViewController.xib */; };
		8C8352E31F413D6F002D4510 /* CollectionViewItem.swift in Sources */ = {isa = PBXBuildFile; fileRef = 8C8352E11F413D6F002D4510 /* CollectionViewItem.swift */; };
		8C8352E41F413D6F002D4510 /* CollectionViewItem.xib in Resources */ = {isa = PBXBuildFile; fileRef = 8C8352E21F413D6F002D4510 /* CollectionViewItem.xib */; };
/* End PBXBuildFile section */

/* Begin PBXFileReference section */
		8C4746E71F41FFC600CB977D /* CalendarCalc.swift */ = {isa = PBXFileReference; fileEncoding = 4; lastKnownFileType = sourcecode.swift; name = CalendarCalc.swift; path = ../CalendarCalc.swift; sourceTree = "<group>"; };
		8C8352CB1F4137B3002D4510 /* MenuCalendar.app */ = {isa = PBXFileReference; explicitFileType = wrapper.application; includeInIndex = 0; path = MenuCalendar.app; sourceTree = BUILT_PRODUCTS_DIR; };
		8C8352CE1F4137B3002D4510 /* AppDelegate.swift */ = {isa = PBXFileReference; lastKnownFileType = sourcecode.swift; path = AppDelegate.swift; sourceTree = "<group>"; };
		8C8352D21F4137B3002D4510 /* Assets.xcassets */ = {isa = PBXFileReference; lastKnownFileType = folder.assetcatalog; path = Assets.xcassets; sourceTree = "<group>"; };
		8C8352D51F4137B3002D4510 /* Base */ = {isa = PBXFileReference; lastKnownFileType = file.storyboard; name = Base; path = Base.lproj/Main.storyboard; sourceTree = "<group>"; };
		8C8352D71F4137B3002D4510 /* Info.plist */ = {isa = PBXFileReference; lastKnownFileType = text.plist.xml; path = Info.plist; sourceTree = "<group>"; };
		8C8352DD1F4137E1002D4510 /* CalendarViewController.swift */ = {isa = PBXFileReference; fileEncoding = 4; lastKnownFileType = sourcecode.swift; name = CalendarViewController.swift; path = ../CalendarViewController.swift; sourceTree = "<group>"; };
		8C8352DE1F4137E1002D4510 /* CalendarViewController.xib */ = {isa = PBXFileReference; fileEncoding = 4; lastKnownFileType = file.xib; name = CalendarViewController.xib; path = ../CalendarViewController.xib; sourceTree = "<group>"; };
		8C8352E11F413D6F002D4510 /* CollectionViewItem.swift */ = {isa = PBXFileReference; fileEncoding = 4; lastKnownFileType = sourcecode.swift; name = CollectionViewItem.swift; path = ../CollectionViewItem.swift; sourceTree = "<group>"; };
		8C8352E21F413D6F002D4510 /* CollectionViewItem.xib */ = {isa = PBXFileReference; fileEncoding = 4; lastKnownFileType = file.xib; name = CollectionViewItem.xib; path = ../CollectionViewItem.xib; sourceTree = "<group>"; };
/* End PBXFileReference section */

/* Begin PBXFrameworksBuildPhase section */
		8C8352C81F4137B3002D4510 /* Frameworks */ = {
			isa = PBXFrameworksBuildPhase;
			buildActionMask = 2147483647;
			files = (
			);
			runOnlyForDeploymentPostprocessing = 0;
		};
/* End PBXFrameworksBuildPhase section */

/* Begin PBXGroup section */
		8C8352C21F4137B3002D4510 = {
			isa = PBXGroup;
			children = (
				8C8352CD1F4137B3002D4510 /* MenuCalendar */,
				8C8352CC1F4137B3002D4510 /* Products */,
			);
			sourceTree = "<group>";
		};
		8C8352CC1F4137B3002D4510 /* Products */ = {
			isa = PBXGroup;
			children = (
				8C8352CB1F4137B3002D4510 /* MenuCalendar.app */,
			);
			name = Products;
			sourceTree = "<group>";
		};
		8C8352CD1F4137B3002D4510 /* MenuCalendar */ = {
			isa = PBXGroup;
			children = (
				8C4746E71F41FFC600CB977D /* CalendarCalc.swift */,
				8C8352E11F413D6F002D4510 /* CollectionViewItem.swift */,
				8C8352E21F413D6F002D4510 /* CollectionViewItem.xib */,
				8C8352DD1F4137E1002D4510 /* CalendarViewController.swift */,
				8C8352DE1F4137E1002D4510 /* CalendarViewController.xib */,
				8C8352CE1F4137B3002D4510 /* AppDelegate.swift */,
				8C8352D21F4137B3002D4510 /* Assets.xcassets */,
				8C8352D41F4137B3002D4510 /* Main.storyboard */,
				8C8352D71F4137B3002D4510 /* Info.plist */,
			);
			path = MenuCalendar;
			sourceTree = "<group>";
		};
/* End PBXGroup section */

/* Begin PBXNativeTarget section */
		8C8352CA1F4137B3002D4510 /* MenuCalendar */ = {
			isa = PBXNativeTarget;
			buildConfigurationList = 8C8352DA1F4137B3002D4510 /* Build configuration list for PBXNativeTarget "MenuCalendar" */;
			buildPhases = (
				8C8352C71F4137B3002D4510 /* Sources */,
				8C8352C81F4137B3002D4510 /* Frameworks */,
				8C8352C91F4137B3002D4510 /* Resources */,
			);
			buildRules = (
			);
			dependencies = (
			);
			name = MenuCalendar;
			productName = MenuCalendar;
			productReference = 8C8352CB1F4137B3002D4510 /* MenuCalendar.app */;
			productType = "com.apple.product-type.application";
		};
/* End PBXNativeTarget section */

/* Begin PBXProject section */
		8C8352C31F4137B3002D4510 /* Project object */ = {
			isa = PBXProject;
			attributes = {
				LastSwiftUpdateCheck = 0830;
				LastUpgradeCheck = 0830;
				ORGANIZATIONNAME = "Masanori Kuze";
				TargetAttributes = {
					8C8352CA1F4137B3002D4510 = {
						CreatedOnToolsVersion = 8.3.3;
						DevelopmentTeam = D2R737286R;
						ProvisioningStyle = Automatic;
					};
				};
			};
			buildConfigurationList = 8C8352C61F4137B3002D4510 /* Build configuration list for PBXProject "MenuCalendar" */;
			compatibilityVersion = "Xcode 3.2";
			developmentRegion = English;
			hasScannedForEncodings = 0;
			knownRegions = (
				en,
				Base,
			);
			mainGroup = 8C8352C21F4137B3002D4510;
			productRefGroup = 8C8352CC1F4137B3002D4510 /* Products */;
			projectDirPath = "";
			projectRoot = "";
			targets = (
				8C8352CA1F4137B3002D4510 /* MenuCalendar */,
			);
		};
/* End PBXProject section */

/* Begin PBXResourcesBuildPhase section */
		8C8352C91F4137B3002D4510 /* Resources */ = {
			isa = PBXResourcesBuildPhase;
			buildActionMask = 2147483647;
			files = (
				8C8352D31F4137B3002D4510 /* Assets.xcassets in Resources */,
				8C8352E41F413D6F002D4510 /* CollectionViewItem.xib in Resources */,
				8C8352D61F4137B3002D4510 /* Main.storyboard in Resources */,
				8C8352E01F4137E1002D4510 /* CalendarViewController.xib in Resources */,
			);
			runOnlyForDeploymentPostprocessing = 0;
		};
/* End PBXResourcesBuildPhase section */

/* Begin PBXSourcesBuildPhase section */
		8C8352C71F4137B3002D4510 /* Sources */ = {
			isa = PBXSourcesBuildPhase;
			buildActionMask = 2147483647;
			files = (
				8C8352DF1F4137E1002D4510 /* CalendarViewController.swift in Sources */,
				8C8352E31F413D6F002D4510 /* CollectionViewItem.swift in Sources */,
				8C8352CF1F4137B3002D4510 /* AppDelegate.swift in Sources */,
				8C4746E81F41FFC600CB977D /* CalendarCalc.swift in Sources */,
			);
			runOnlyForDeploymentPostprocessing = 0;
		};
/* End PBXSourcesBuildPhase section */

/* Begin PBXVariantGroup section */
		8C8352D41F4137B3002D4510 /* Main.storyboard */ = {
			isa = PBXVariantGroup;
			children = (
				8C8352D51F4137B3002D4510 /* Base */,
			);
			name = Main.storyboard;
			sourceTree = "<group>";
		};
/* End PBXVariantGroup section */

/* Begin XCBuildConfiguration section */
		8C8352D81F4137B3002D4510 /* Debug */ = {
			isa = XCBuildConfiguration;
			buildSettings = {
				ALWAYS_SEARCH_USER_PATHS = NO;
				CLANG_ANALYZER_NONNULL = YES;
				CLANG_ANALYZER_NUMBER_OBJECT_CONVERSION = YES_AGGRESSIVE;
				CLANG_CXX_LANGUAGE_STANDARD = "gnu++0x";
				CLANG_CXX_LIBRARY = "libc++";
				CLANG_ENABLE_MODULES = YES;
				CLANG_ENABLE_OBJC_ARC = YES;
				CLANG_WARN_BOOL_CONVERSION = YES;
				CLANG_WARN_CONSTANT_CONVERSION = YES;
				CLANG_WARN_DIRECT_OBJC_ISA_USAGE = YES_ERROR;
				CLANG_WARN_DOCUMENTATION_COMMENTS = YES;
				CLANG_WARN_EMPTY_BODY = YES;
				CLANG_WARN_ENUM_CONVERSION = YES;
				CLANG_WARN_INFINITE_RECURSION = YES;
				CLANG_WARN_INT_CONVERSION = YES;
				CLANG_WARN_OBJC_ROOT_CLASS = YES_ERROR;
				CLANG_WARN_SUSPICIOUS_MOVE = YES;
				CLANG_WARN_UNREACHABLE_CODE = YES;
				CLANG_WARN__DUPLICATE_METHOD_MATCH = YES;
				CODE_SIGN_IDENTITY = "-";
				COPY_PHASE_STRIP = NO;
				DEBUG_INFORMATION_FORMAT = dwarf;
				ENABLE_STRICT_OBJC_MSGSEND = YES;
				ENABLE_TESTABILITY = YES;
				GCC_C_LANGUAGE_STANDARD = gnu99;
				GCC_DYNAMIC_NO_PIC = NO;
				GCC_NO_COMMON_BLOCKS = YES;
				GCC_OPTIMIZATION_LEVEL = 0;
				GCC_PREPROCESSOR_DEFINITIONS = (
					"DEBUG=1",
					"$(inherited)",
				);
				GCC_WARN_64_TO_32_BIT_CONVERSION = YES;
				GCC_WARN_ABOUT_RETURN_TYPE = YES_ERROR;
				GCC_WARN_UNDECLARED_SELECTOR = YES;
				GCC_WARN_UNINITIALIZED_AUTOS = YES_AGGRESSIVE;
				GCC_WARN_UNUSED_FUNCTION = YES;
				GCC_WARN_UNUSED_VARIABLE = YES;
				MACOSX_DEPLOYMENT_TARGET = 10.12;
				MTL_ENABLE_DEBUG_INFO = YES;
				ONLY_ACTIVE_ARCH = YES;
				SDKROOT = macosx;
				SWIFT_ACTIVE_COMPILATION_CONDITIONS = DEBUG;
				SWIFT_OPTIMIZATION_LEVEL = "-Onone";
			};
			name = Debug;
		};
		8C8352D91F4137B3002D4510 /* Release */ = {
			isa = XCBuildConfiguration;
			buildSettings = {
				ALWAYS_SEARCH_USER_PATHS = NO;
				CLANG_ANALYZER_NONNULL = YES;
				CLANG_ANALYZER_NUMBER_OBJECT_CONVERSION = YES_AGGRESSIVE;
				CLANG_CXX_LANGUAGE_STANDARD = "gnu++0x";
				CLANG_CXX_LIBRARY = "libc++";
				CLANG_ENABLE_MODULES = YES;
				CLANG_ENABLE_OBJC_ARC = YES;
				CLANG_WARN_BOOL_CONVERSION = YES;
				CLANG_WARN_CONSTANT_CONVERSION = YES;
				CLANG_WARN_DIRECT_OBJC_ISA_USAGE = YES_ERROR;
				CLANG_WARN_DOCUMENTATION_COMMENTS = YES;
				CLANG_WARN_EMPTY_BODY = YES;
				CLANG_WARN_ENUM_CONVERSION = YES;
				CLANG_WARN_INFINITE_RECURSION = YES;
				CLANG_WARN_INT_CONVERSION = YES;
				CLANG_WARN_OBJC_ROOT_CLASS = YES_ERROR;
				CLANG_WARN_SUSPICIOUS_MOVE = YES;
				CLANG_WARN_UNREACHABLE_CODE = YES;
				CLANG_WARN__DUPLICATE_METHOD_MATCH = YES;
				CODE_SIGN_IDENTITY = "-";
				COPY_PHASE_STRIP = NO;
				DEBUG_INFORMATION_FORMAT = "dwarf-with-dsym";
				ENABLE_NS_ASSERTIONS = NO;
				ENABLE_STRICT_OBJC_MSGSEND = YES;
				GCC_C_LANGUAGE_STANDARD = gnu99;
				GCC_NO_COMMON_BLOCKS = YES;
				GCC_WARN_64_TO_32_BIT_CONVERSION = YES;
				GCC_WARN_ABOUT_RETURN_TYPE = YES_ERROR;
				GCC_WARN_UNDECLARED_SELECTOR = YES;
				GCC_WARN_UNINITIALIZED_AUTOS = YES_AGGRESSIVE;
				GCC_WARN_UNUSED_FUNCTION = YES;
				GCC_WARN_UNUSED_VARIABLE = YES;
				MACOSX_DEPLOYMENT_TARGET = 10.12;
				MTL_ENABLE_DEBUG_INFO = NO;
				SDKROOT = macosx;
				SWIFT_OPTIMIZATION_LEVEL = "-Owholemodule";
			};
			name = Release;
		};
		8C8352DB1F4137B3002D4510 /* Debug */ = {
			isa = XCBuildConfiguration;
			buildSettings = {
				ASSETCATALOG_COMPILER_APPICON_NAME = AppIcon;
				COMBINE_HIDPI_IMAGES = YES;
				DEVELOPMENT_TEAM = D2R737286R;
				INFOPLIST_FILE = MenuCalendar/Info.plist;
				LD_RUNPATH_SEARCH_PATHS = "$(inherited) @executable_path/../Frameworks";
				PRODUCT_BUNDLE_IDENTIFIER = jp.blogspot.rnsm504.MenuCalendar;
				PRODUCT_NAME = "$(TARGET_NAME)";
				SWIFT_VERSION = 3.0;
			};
			name = Debug;
		};
		8C8352DC1F4137B3002D4510 /* Release */ = {
			isa = XCBuildConfiguration;
			buildSettings = {
				ASSETCATALOG_COMPILER_APPICON_NAME = AppIcon;
				COMBINE_HIDPI_IMAGES = YES;
				DEVELOPMENT_TEAM = D2R737286R;
				INFOPLIST_FILE = MenuCalendar/Info.plist;
				LD_RUNPATH_SEARCH_PATHS = "$(inherited) @executable_path/../Frameworks";
				PRODUCT_BUNDLE_IDENTIFIER = jp.blogspot.rnsm504.MenuCalendar;
				PRODUCT_NAME = "$(TARGET_NAME)";
				SWIFT_VERSION = 3.0;
			};
			name = Release;
		};
/* End XCBuildConfiguration section */

/* Begin XCConfigurationList section */
		8C8352C61F4137B3002D4510 /* Build configuration list for PBXProject "MenuCalendar" */ = {
			isa = XCConfigurationList;
			buildConfigurations = (
				8C8352D81F4137B3002D4510 /* Debug */,
				8C8352D91F4137B3002D4510 /* Release */,
			);
			defaultConfigurationIsVisible = 0;
			defaultConfigurationName = Release;
		};
		8C8352DA1F4137B3002D4510 /* Build configuration list for PBXNativeTarget "MenuCalendar" */ = {
			isa = XCConfigurationList;
			buildConfigurations = (
				8C8352DB1F4137B3002D4510 /* Debug */,
				8C8352DC1F4137B3002D4510 /* Release */,
			);
			defaultConfigurationIsVisible = 0;
			defaultConfigurationName = Release;
		};
/* End XCConfigurationList section */
	};
	rootObject = 8C8352C31F4137B3002D4510 /* Project object */;
}
